// !$*UTF8*$!
{
	archiveVersion = 1;
	classes = {
	};
	objectVersion = 46;
	objects = {

/* Begin PBXBuildFile section */
		2DAB8C3F1F48943A00C22A0C /* AppDelegate.swift in Sources */ = {isa = PBXBuildFile; fileRef = 2DAB8C1F1F48943A00C22A0C /* AppDelegate.swift */; };
		2DAB8C401F48943A00C22A0C /* Assets.xcassets in Resources */ = {isa = PBXBuildFile; fileRef = 2DAB8C201F48943A00C22A0C /* Assets.xcassets */; };
		2DAB8C461F48943A00C22A0C /* Main.storyboard in Resources */ = {isa = PBXBuildFile; fileRef = 2DAB8C361F48943A00C22A0C /* Main.storyboard */; };
		2DAB8C481F48943A00C22A0C /* ChooseLanguageTableViewController.swift in Sources */ = {isa = PBXBuildFile; fileRef = 2DAB8C3A1F48943A00C22A0C /* ChooseLanguageTableViewController.swift */; };
		2DAB8C491F48943A00C22A0C /* PluralsViewController.swift in Sources */ = {isa = PBXBuildFile; fileRef = 2DAB8C3C1F48943A00C22A0C /* PluralsViewController.swift */; };
		2DAB8C4A1F48943A00C22A0C /* SimpleTranslatorViewController.swift in Sources */ = {isa = PBXBuildFile; fileRef = 2DAB8C3E1F48943A00C22A0C /* SimpleTranslatorViewController.swift */; };
		2DB100D81F671E8A004ECBC5 /* RightToLeftViewController.swift in Sources */ = {isa = PBXBuildFile; fileRef = 2DB100D71F671E8A004ECBC5 /* RightToLeftViewController.swift */; };
		2DC85EE322BB4CFF0052F15D /* L10n_swift.framework in Frameworks */ = {isa = PBXBuildFile; fileRef = 2DC85ED322BB4CB50052F15D /* L10n_swift.framework */; };
		2DC85EE522BBEAC80052F15D /* L10n_swift.framework in Embed Frameworks */ = {isa = PBXBuildFile; fileRef = 2DC85ED322BB4CB50052F15D /* L10n_swift.framework */; settings = {ATTRIBUTES = (CodeSignOnCopy, RemoveHeadersOnCopy, ); }; };
		2DCF92F520AE08EB00FB1ECC /* LaunchScreen.storyboard in Resources */ = {isa = PBXBuildFile; fileRef = 2DCF92F420AE08EB00FB1ECC /* LaunchScreen.storyboard */; };
		2DCF930F20AE090900FB1ECC /* Localizable.plist in Resources */ = {isa = PBXBuildFile; fileRef = 2DCF92F720AE090900FB1ECC /* Localizable.plist */; };
		2DCF931020AE090900FB1ECC /* Localizable.json in Resources */ = {isa = PBXBuildFile; fileRef = 2DCF92F920AE090900FB1ECC /* Localizable.json */; };
		2DCF931120AE090900FB1ECC /* Localizable.strings in Resources */ = {isa = PBXBuildFile; fileRef = 2DCF92FB20AE090900FB1ECC /* Localizable.strings */; };
		2DCF931220AE090900FB1ECC /* Localizable.stringsdict in Resources */ = {isa = PBXBuildFile; fileRef = 2DCF92FD20AE090900FB1ECC /* Localizable.stringsdict */; };
/* End PBXBuildFile section */

/* Begin PBXContainerItemProxy section */
		2DC85ED222BB4CB50052F15D /* PBXContainerItemProxy */ = {
			isa = PBXContainerItemProxy;
			containerPortal = 2DC85EC822BB4CB50052F15D /* L10n_swift.xcodeproj */;
			proxyType = 2;
			remoteGlobalIDString = 2DE4B13B1F2C95490067EE98;
			remoteInfo = "L10n_swift iOS";
		};
		2DC85ED422BB4CB50052F15D /* PBXContainerItemProxy */ = {
			isa = PBXContainerItemProxy;
			containerPortal = 2DC85EC822BB4CB50052F15D /* L10n_swift.xcodeproj */;
			proxyType = 2;
			remoteGlobalIDString = 2DE4B1581F2C95620067EE98;
			remoteInfo = "L10n_swift watchOS";
		};
		2DC85ED622BB4CB50052F15D /* PBXContainerItemProxy */ = {
			isa = PBXContainerItemProxy;
			containerPortal = 2DC85EC822BB4CB50052F15D /* L10n_swift.xcodeproj */;
			proxyType = 2;
			remoteGlobalIDString = 2DE4B1651F2C957A0067EE98;
			remoteInfo = "L10n_swift tvOS";
		};
		2DC85ED822BB4CB50052F15D /* PBXContainerItemProxy */ = {
			isa = PBXContainerItemProxy;
			containerPortal = 2DC85EC822BB4CB50052F15D /* L10n_swift.xcodeproj */;
			proxyType = 2;
			remoteGlobalIDString = 2DE4B1811F2C95A70067EE98;
			remoteInfo = "L10n_swift macOS";
		};
		2DC85EDA22BB4CB50052F15D /* PBXContainerItemProxy */ = {
			isa = PBXContainerItemProxy;
			containerPortal = 2DC85EC822BB4CB50052F15D /* L10n_swift.xcodeproj */;
			proxyType = 2;
			remoteGlobalIDString = 2DE4B1441F2C95490067EE98;
			remoteInfo = "L10n_swift iOSTests";
		};
		2DC85EDC22BB4CB50052F15D /* PBXContainerItemProxy */ = {
			isa = PBXContainerItemProxy;
			containerPortal = 2DC85EC822BB4CB50052F15D /* L10n_swift.xcodeproj */;
			proxyType = 2;
			remoteGlobalIDString = 2DE4B16D1F2C957A0067EE98;
			remoteInfo = "L10n_swift tvOSTests";
		};
		2DC85EDE22BB4CB50052F15D /* PBXContainerItemProxy */ = {
			isa = PBXContainerItemProxy;
			containerPortal = 2DC85EC822BB4CB50052F15D /* L10n_swift.xcodeproj */;
			proxyType = 2;
			remoteGlobalIDString = 2DE4B1891F2C95A70067EE98;
			remoteInfo = "L10n_swift macOSTests";
		};
		2DC85EE022BB4CF00052F15D /* PBXContainerItemProxy */ = {
			isa = PBXContainerItemProxy;
			containerPortal = 2DC85EC822BB4CB50052F15D /* L10n_swift.xcodeproj */;
			proxyType = 1;
			remoteGlobalIDString = 2DE4B13A1F2C95490067EE98;
			remoteInfo = "L10n_swift iOS";
		};
		2DC85EE622BBEAC80052F15D /* PBXContainerItemProxy */ = {
			isa = PBXContainerItemProxy;
			containerPortal = 2DC85EC822BB4CB50052F15D /* L10n_swift.xcodeproj */;
			proxyType = 1;
			remoteGlobalIDString = 2DE4B13A1F2C95490067EE98;
			remoteInfo = "L10n_swift iOS";
		};
/* End PBXContainerItemProxy section */

/* Begin PBXCopyFilesBuildPhase section */
		2DC85EE822BBEAC80052F15D /* Embed Frameworks */ = {
			isa = PBXCopyFilesBuildPhase;
			buildActionMask = 2147483647;
			dstPath = "";
			dstSubfolderSpec = 10;
			files = (
				2DC85EE522BBEAC80052F15D /* L10n_swift.framework in Embed Frameworks */,
			);
			name = "Embed Frameworks";
			runOnlyForDeploymentPostprocessing = 0;
		};
/* End PBXCopyFilesBuildPhase section */

/* Begin PBXFileReference section */
		2D1714871F2E757B00AADEB5 /* Example iOS.app */ = {isa = PBXFileReference; explicitFileType = wrapper.application; includeInIndex = 0; path = "Example iOS.app"; sourceTree = BUILT_PRODUCTS_DIR; };
		2D233CB7263FBA6E00F1A741 /* en */ = {isa = PBXFileReference; lastKnownFileType = text.plist.strings; name = en; path = en.lproj/Localizable.strings; sourceTree = "<group>"; };
		2D233CBE263FBA7300F1A741 /* en */ = {isa = PBXFileReference; lastKnownFileType = text.plist.xml; name = en; path = en.lproj/Localizable.plist; sourceTree = "<group>"; };
		2D233CBF263FBA7A00F1A741 /* en */ = {isa = PBXFileReference; lastKnownFileType = text.json; name = en; path = en.lproj/Localizable.json; sourceTree = "<group>"; };
		2D233CC0263FBA7F00F1A741 /* en */ = {isa = PBXFileReference; lastKnownFileType = text.plist.stringsdict; name = en; path = en.lproj/Localizable.stringsdict; sourceTree = "<group>"; };
		2DAB8C1F1F48943A00C22A0C /* AppDelegate.swift */ = {isa = PBXFileReference; fileEncoding = 4; lastKnownFileType = sourcecode.swift; path = AppDelegate.swift; sourceTree = "<group>"; };
		2DAB8C201F48943A00C22A0C /* Assets.xcassets */ = {isa = PBXFileReference; lastKnownFileType = folder.assetcatalog; path = Assets.xcassets; sourceTree = "<group>"; };
		2DAB8C211F48943A00C22A0C /* Info.plist */ = {isa = PBXFileReference; fileEncoding = 4; lastKnownFileType = text.plist.xml; path = Info.plist; sourceTree = "<group>"; };
		2DAB8C361F48943A00C22A0C /* Main.storyboard */ = {isa = PBXFileReference; fileEncoding = 4; lastKnownFileType = file.storyboard; path = Main.storyboard; sourceTree = "<group>"; };
		2DAB8C3A1F48943A00C22A0C /* ChooseLanguageTableViewController.swift */ = {isa = PBXFileReference; fileEncoding = 4; lastKnownFileType = sourcecode.swift; path = ChooseLanguageTableViewController.swift; sourceTree = "<group>"; };
		2DAB8C3C1F48943A00C22A0C /* PluralsViewController.swift */ = {isa = PBXFileReference; fileEncoding = 4; lastKnownFileType = sourcecode.swift; path = PluralsViewController.swift; sourceTree = "<group>"; };
		2DAB8C3E1F48943A00C22A0C /* SimpleTranslatorViewController.swift */ = {isa = PBXFileReference; fileEncoding = 4; lastKnownFileType = sourcecode.swift; path = SimpleTranslatorViewController.swift; sourceTree = "<group>"; };
		2DB100D71F671E8A004ECBC5 /* RightToLeftViewController.swift */ = {isa = PBXFileReference; fileEncoding = 4; lastKnownFileType = sourcecode.swift; path = RightToLeftViewController.swift; sourceTree = "<group>"; };
		2DC85EC822BB4CB50052F15D /* L10n_swift.xcodeproj */ = {isa = PBXFileReference; lastKnownFileType = "wrapper.pb-project"; name = L10n_swift.xcodeproj; path = ../L10n_swift.xcodeproj; sourceTree = "<group>"; };
		2DCF92F420AE08EB00FB1ECC /* LaunchScreen.storyboard */ = {isa = PBXFileReference; fileEncoding = 4; lastKnownFileType = file.storyboard; path = LaunchScreen.storyboard; sourceTree = "<group>"; };
		2DCF92F820AE090900FB1ECC /* zh-Hans */ = {isa = PBXFileReference; lastKnownFileType = text.plist.xml; name = "zh-Hans"; path = "zh-Hans.lproj/Localizable.plist"; sourceTree = "<group>"; };
		2DCF92FA20AE090900FB1ECC /* zh-Hans */ = {isa = PBXFileReference; lastKnownFileType = text.json; name = "zh-Hans"; path = "zh-Hans.lproj/Localizable.json"; sourceTree = "<group>"; };
		2DCF92FC20AE090900FB1ECC /* zh-Hans */ = {isa = PBXFileReference; lastKnownFileType = text.plist.strings; name = "zh-Hans"; path = "zh-Hans.lproj/Localizable.strings"; sourceTree = "<group>"; };
		2DCF92FE20AE090900FB1ECC /* zh-Hans */ = {isa = PBXFileReference; lastKnownFileType = text.plist.stringsdict; name = "zh-Hans"; path = "zh-Hans.lproj/Localizable.stringsdict"; sourceTree = "<group>"; };
		2DCF92FF20AE090900FB1ECC /* ja */ = {isa = PBXFileReference; lastKnownFileType = text.plist.xml; name = ja; path = ja.lproj/Localizable.plist; sourceTree = "<group>"; };
		2DCF930020AE090900FB1ECC /* ja */ = {isa = PBXFileReference; lastKnownFileType = text.json; name = ja; path = ja.lproj/Localizable.json; sourceTree = "<group>"; };
		2DCF930120AE090900FB1ECC /* ja */ = {isa = PBXFileReference; lastKnownFileType = text.plist.strings; name = ja; path = ja.lproj/Localizable.strings; sourceTree = "<group>"; };
		2DCF930220AE090900FB1ECC /* ja */ = {isa = PBXFileReference; lastKnownFileType = text.plist.stringsdict; name = ja; path = ja.lproj/Localizable.stringsdict; sourceTree = "<group>"; };
		2DCF930320AE090900FB1ECC /* es */ = {isa = PBXFileReference; lastKnownFileType = text.plist.xml; name = es; path = es.lproj/Localizable.plist; sourceTree = "<group>"; };
		2DCF930420AE090900FB1ECC /* es */ = {isa = PBXFileReference; lastKnownFileType = text.json; name = es; path = es.lproj/Localizable.json; sourceTree = "<group>"; };
		2DCF930520AE090900FB1ECC /* es */ = {isa = PBXFileReference; lastKnownFileType = text.plist.strings; name = es; path = es.lproj/Localizable.strings; sourceTree = "<group>"; };
		2DCF930620AE090900FB1ECC /* es */ = {isa = PBXFileReference; lastKnownFileType = text.plist.stringsdict; name = es; path = es.lproj/Localizable.stringsdict; sourceTree = "<group>"; };
		2DCF930B20AE090900FB1ECC /* pl */ = {isa = PBXFileReference; lastKnownFileType = text.plist.xml; name = pl; path = pl.lproj/Localizable.plist; sourceTree = "<group>"; };
		2DCF930C20AE090900FB1ECC /* pl */ = {isa = PBXFileReference; lastKnownFileType = text.json; name = pl; path = pl.lproj/Localizable.json; sourceTree = "<group>"; };
		2DCF930D20AE090900FB1ECC /* pl */ = {isa = PBXFileReference; lastKnownFileType = text.plist.strings; name = pl; path = pl.lproj/Localizable.strings; sourceTree = "<group>"; };
		2DCF930E20AE090900FB1ECC /* pl */ = {isa = PBXFileReference; lastKnownFileType = text.plist.stringsdict; name = pl; path = pl.lproj/Localizable.stringsdict; sourceTree = "<group>"; };
/* End PBXFileReference section */

/* Begin PBXFrameworksBuildPhase section */
		2D1714841F2E757B00AADEB5 /* Frameworks */ = {
			isa = PBXFrameworksBuildPhase;
			buildActionMask = 2147483647;
			files = (
				2DC85EE322BB4CFF0052F15D /* L10n_swift.framework in Frameworks */,
			);
			runOnlyForDeploymentPostprocessing = 0;
		};
/* End PBXFrameworksBuildPhase section */

/* Begin PBXGroup section */
		2D17147C1F2E74EF00AADEB5 = {
			isa = PBXGroup;
			children = (
				2DC85EC822BB4CB50052F15D /* L10n_swift.xcodeproj */,
				2DAB8C1E1F48943A00C22A0C /* Example iOS */,
				2D1714881F2E757B00AADEB5 /* Products */,
				2DC85EE222BB4CFF0052F15D /* Frameworks */,
			);
			sourceTree = "<group>";
		};
		2D1714881F2E757B00AADEB5 /* Products */ = {
			isa = PBXGroup;
			children = (
				2D1714871F2E757B00AADEB5 /* Example iOS.app */,
			);
			name = Products;
			sourceTree = "<group>";
		};
		2DAB8C1E1F48943A00C22A0C /* Example iOS */ = {
			isa = PBXGroup;
			children = (
				2DCF92F620AE090900FB1ECC /* Localizable */,
				2DAB8C381F48943A00C22A0C /* Scenes */,
				2DAB8C1F1F48943A00C22A0C /* AppDelegate.swift */,
				2DAB8C201F48943A00C22A0C /* Assets.xcassets */,
				2DAB8C211F48943A00C22A0C /* Info.plist */,
				2DCF92F420AE08EB00FB1ECC /* LaunchScreen.storyboard */,
				2DAB8C361F48943A00C22A0C /* Main.storyboard */,
			);
			path = "Example iOS";
			sourceTree = "<group>";
		};
		2DAB8C381F48943A00C22A0C /* Scenes */ = {
			isa = PBXGroup;
			children = (
				2DAB8C391F48943A00C22A0C /* ChooseLanguage */,
				2DAB8C3D1F48943A00C22A0C /* SimpleTranslator */,
				2DAB8C3B1F48943A00C22A0C /* Plurals */,
				2DB100D61F671E64004ECBC5 /* RTL */,
			);
			path = Scenes;
			sourceTree = "<group>";
		};
		2DAB8C391F48943A00C22A0C /* ChooseLanguage */ = {
			isa = PBXGroup;
			children = (
				2DAB8C3A1F48943A00C22A0C /* ChooseLanguageTableViewController.swift */,
			);
			path = ChooseLanguage;
			sourceTree = "<group>";
		};
		2DAB8C3B1F48943A00C22A0C /* Plurals */ = {
			isa = PBXGroup;
			children = (
				2DAB8C3C1F48943A00C22A0C /* PluralsViewController.swift */,
			);
			path = Plurals;
			sourceTree = "<group>";
		};
		2DAB8C3D1F48943A00C22A0C /* SimpleTranslator */ = {
			isa = PBXGroup;
			children = (
				2DAB8C3E1F48943A00C22A0C /* SimpleTranslatorViewController.swift */,
			);
			path = SimpleTranslator;
			sourceTree = "<group>";
		};
		2DB100D61F671E64004ECBC5 /* RTL */ = {
			isa = PBXGroup;
			children = (
				2DB100D71F671E8A004ECBC5 /* RightToLeftViewController.swift */,
			);
			path = RTL;
			sourceTree = "<group>";
		};
		2DC85EC922BB4CB50052F15D /* Products */ = {
			isa = PBXGroup;
			children = (
				2DC85ED322BB4CB50052F15D /* L10n_swift.framework */,
				2DC85ED522BB4CB50052F15D /* L10n_swift.framework */,
				2DC85ED722BB4CB50052F15D /* L10n_swift.framework */,
				2DC85ED922BB4CB50052F15D /* L10n_swift.framework */,
				2DC85EDB22BB4CB50052F15D /* L10n_swiftTests.xctest */,
				2DC85EDD22BB4CB50052F15D /* L10n_swiftTests.xctest */,
				2DC85EDF22BB4CB50052F15D /* L10n_swiftTests.xctest */,
			);
			name = Products;
			sourceTree = "<group>";
		};
		2DC85EE222BB4CFF0052F15D /* Frameworks */ = {
			isa = PBXGroup;
			children = (
			);
			name = Frameworks;
			sourceTree = "<group>";
		};
		2DCF92F620AE090900FB1ECC /* Localizable */ = {
			isa = PBXGroup;
			children = (
				2DCF92F720AE090900FB1ECC /* Localizable.plist */,
				2DCF92F920AE090900FB1ECC /* Localizable.json */,
				2DCF92FB20AE090900FB1ECC /* Localizable.strings */,
				2DCF92FD20AE090900FB1ECC /* Localizable.stringsdict */,
			);
			path = Localizable;
			sourceTree = "<group>";
		};
/* End PBXGroup section */

/* Begin PBXNativeTarget section */
		2D1714861F2E757B00AADEB5 /* Example iOS */ = {
			isa = PBXNativeTarget;
			buildConfigurationList = 2D1714971F2E757B00AADEB5 /* Build configuration list for PBXNativeTarget "Example iOS" */;
			buildPhases = (
				2D1714831F2E757B00AADEB5 /* Sources */,
				2D1714841F2E757B00AADEB5 /* Frameworks */,
				2D1714851F2E757B00AADEB5 /* Resources */,
				2DC85EE822BBEAC80052F15D /* Embed Frameworks */,
			);
			buildRules = (
			);
			dependencies = (
				2DC85EE122BB4CF00052F15D /* PBXTargetDependency */,
				2DC85EE722BBEAC80052F15D /* PBXTargetDependency */,
			);
			name = "Example iOS";
			productName = iOS;
			productReference = 2D1714871F2E757B00AADEB5 /* Example iOS.app */;
			productType = "com.apple.product-type.application";
		};
/* End PBXNativeTarget section */

/* Begin PBXProject section */
		2D17147D1F2E74EF00AADEB5 /* Project object */ = {
			isa = PBXProject;
			attributes = {
				LastSwiftUpdateCheck = 0830;
				LastUpgradeCheck = 0930;
				TargetAttributes = {
					2D1714861F2E757B00AADEB5 = {
						CreatedOnToolsVersion = 8.3.3;
						DevelopmentTeam = J9YB6F3PT7;
						LastSwiftMigration = 1020;
						ProvisioningStyle = Automatic;
					};
				};
			};
			buildConfigurationList = 2D1714801F2E74EF00AADEB5 /* Build configuration list for PBXProject "Example" */;
			compatibilityVersion = "Xcode 3.2";
			developmentRegion = en;
			hasScannedForEncodings = 0;
			knownRegions = (
				en,
				es,
				ja,
				pl,
				"zh-Hans",
			);
			mainGroup = 2D17147C1F2E74EF00AADEB5;
			productRefGroup = 2D1714881F2E757B00AADEB5 /* Products */;
			projectDirPath = "";
			projectReferences = (
				{
					ProductGroup = 2DC85EC922BB4CB50052F15D /* Products */;
					ProjectRef = 2DC85EC822BB4CB50052F15D /* L10n_swift.xcodeproj */;
				},
			);
			projectRoot = "";
			targets = (
				2D1714861F2E757B00AADEB5 /* Example iOS */,
			);
		};
/* End PBXProject section */

/* Begin PBXReferenceProxy section */
		2DC85ED322BB4CB50052F15D /* L10n_swift.framework */ = {
			isa = PBXReferenceProxy;
			fileType = wrapper.framework;
			path = L10n_swift.framework;
			remoteRef = 2DC85ED222BB4CB50052F15D /* PBXContainerItemProxy */;
			sourceTree = BUILT_PRODUCTS_DIR;
		};
		2DC85ED522BB4CB50052F15D /* L10n_swift.framework */ = {
			isa = PBXReferenceProxy;
			fileType = wrapper.framework;
			path = L10n_swift.framework;
			remoteRef = 2DC85ED422BB4CB50052F15D /* PBXContainerItemProxy */;
			sourceTree = BUILT_PRODUCTS_DIR;
		};
		2DC85ED722BB4CB50052F15D /* L10n_swift.framework */ = {
			isa = PBXReferenceProxy;
			fileType = wrapper.framework;
			path = L10n_swift.framework;
			remoteRef = 2DC85ED622BB4CB50052F15D /* PBXContainerItemProxy */;
			sourceTree = BUILT_PRODUCTS_DIR;
		};
		2DC85ED922BB4CB50052F15D /* L10n_swift.framework */ = {
			isa = PBXReferenceProxy;
			fileType = wrapper.framework;
			path = L10n_swift.framework;
			remoteRef = 2DC85ED822BB4CB50052F15D /* PBXContainerItemProxy */;
			sourceTree = BUILT_PRODUCTS_DIR;
		};
		2DC85EDB22BB4CB50052F15D /* L10n_swiftTests.xctest */ = {
			isa = PBXReferenceProxy;
			fileType = wrapper.cfbundle;
			path = L10n_swiftTests.xctest;
			remoteRef = 2DC85EDA22BB4CB50052F15D /* PBXContainerItemProxy */;
			sourceTree = BUILT_PRODUCTS_DIR;
		};
		2DC85EDD22BB4CB50052F15D /* L10n_swiftTests.xctest */ = {
			isa = PBXReferenceProxy;
			fileType = wrapper.cfbundle;
			path = L10n_swiftTests.xctest;
			remoteRef = 2DC85EDC22BB4CB50052F15D /* PBXContainerItemProxy */;
			sourceTree = BUILT_PRODUCTS_DIR;
		};
		2DC85EDF22BB4CB50052F15D /* L10n_swiftTests.xctest */ = {
			isa = PBXReferenceProxy;
			fileType = wrapper.cfbundle;
			path = L10n_swiftTests.xctest;
			remoteRef = 2DC85EDE22BB4CB50052F15D /* PBXContainerItemProxy */;
			sourceTree = BUILT_PRODUCTS_DIR;
		};
/* End PBXReferenceProxy section */

/* Begin PBXResourcesBuildPhase section */
		2D1714851F2E757B00AADEB5 /* Resources */ = {
			isa = PBXResourcesBuildPhase;
			buildActionMask = 2147483647;
			files = (
				2DAB8C461F48943A00C22A0C /* Main.storyboard in Resources */,
				2DCF931120AE090900FB1ECC /* Localizable.strings in Resources */,
				2DCF931020AE090900FB1ECC /* Localizable.json in Resources */,
				2DCF930F20AE090900FB1ECC /* Localizable.plist in Resources */,
				2DCF92F520AE08EB00FB1ECC /* LaunchScreen.storyboard in Resources */,
				2DAB8C401F48943A00C22A0C /* Assets.xcassets in Resources */,
				2DCF931220AE090900FB1ECC /* Localizable.stringsdict in Resources */,
			);
			runOnlyForDeploymentPostprocessing = 0;
		};
/* End PBXResourcesBuildPhase section */

/* Begin PBXSourcesBuildPhase section */
		2D1714831F2E757B00AADEB5 /* Sources */ = {
			isa = PBXSourcesBuildPhase;
			buildActionMask = 2147483647;
			files = (
				2DAB8C491F48943A00C22A0C /* PluralsViewController.swift in Sources */,
				2DAB8C3F1F48943A00C22A0C /* AppDelegate.swift in Sources */,
				2DAB8C481F48943A00C22A0C /* ChooseLanguageTableViewController.swift in Sources */,
				2DB100D81F671E8A004ECBC5 /* RightToLeftViewController.swift in Sources */,
				2DAB8C4A1F48943A00C22A0C /* SimpleTranslatorViewController.swift in Sources */,
			);
			runOnlyForDeploymentPostprocessing = 0;
		};
/* End PBXSourcesBuildPhase section */

/* Begin PBXTargetDependency section */
		2DC85EE122BB4CF00052F15D /* PBXTargetDependency */ = {
			isa = PBXTargetDependency;
			name = "L10n_swift iOS";
			targetProxy = 2DC85EE022BB4CF00052F15D /* PBXContainerItemProxy */;
		};
		2DC85EE722BBEAC80052F15D /* PBXTargetDependency */ = {
			isa = PBXTargetDependency;
			name = "L10n_swift iOS";
			targetProxy = 2DC85EE622BBEAC80052F15D /* PBXContainerItemProxy */;
		};
/* End PBXTargetDependency section */

/* Begin PBXVariantGroup section */
		2DCF92F720AE090900FB1ECC /* Localizable.plist */ = {
			isa = PBXVariantGroup;
			children = (
				2DCF92F820AE090900FB1ECC /* zh-Hans */,
				2DCF92FF20AE090900FB1ECC /* ja */,
				2DCF930320AE090900FB1ECC /* es */,
				2DCF930B20AE090900FB1ECC /* pl */,
				2D233CBE263FBA7300F1A741 /* en */,
			);
			name = Localizable.plist;
			sourceTree = "<group>";
		};
		2DCF92F920AE090900FB1ECC /* Localizable.json */ = {
			isa = PBXVariantGroup;
			children = (
				2DCF92FA20AE090900FB1ECC /* zh-Hans */,
				2DCF930020AE090900FB1ECC /* ja */,
				2DCF930420AE090900FB1ECC /* es */,
				2DCF930C20AE090900FB1ECC /* pl */,
				2D233CBF263FBA7A00F1A741 /* en */,
			);
			name = Localizable.json;
			sourceTree = "<group>";
		};
		2DCF92FB20AE090900FB1ECC /* Localizable.strings */ = {
			isa = PBXVariantGroup;
			children = (
				2DCF92FC20AE090900FB1ECC /* zh-Hans */,
				2DCF930120AE090900FB1ECC /* ja */,
				2DCF930520AE090900FB1ECC /* es */,
				2DCF930D20AE090900FB1ECC /* pl */,
				2D233CB7263FBA6E00F1A741 /* en */,
			);
			name = Localizable.strings;
			sourceTree = "<group>";
		};
		2DCF92FD20AE090900FB1ECC /* Localizable.stringsdict */ = {
			isa = PBXVariantGroup;
			children = (
				2DCF92FE20AE090900FB1ECC /* zh-Hans */,
				2DCF930220AE090900FB1ECC /* ja */,
				2DCF930620AE090900FB1ECC /* es */,
				2DCF930E20AE090900FB1ECC /* pl */,
				2D233CC0263FBA7F00F1A741 /* en */,
			);
			name = Localizable.stringsdict;
			sourceTree = "<group>";
		};
/* End PBXVariantGroup section */

/* Begin XCBuildConfiguration section */
		2D1714811F2E74EF00AADEB5 /* Debug */ = {
			isa = XCBuildConfiguration;
			buildSettings = {
				CLANG_ANALYZER_LOCALIZABILITY_NONLOCALIZED = YES;
				CLANG_WARN_BLOCK_CAPTURE_AUTORELEASING = YES;
				CLANG_WARN_BOOL_CONVERSION = YES;
				CLANG_WARN_COMMA = YES;
				CLANG_WARN_CONSTANT_CONVERSION = YES;
				CLANG_WARN_DEPRECATED_OBJC_IMPLEMENTATIONS = YES;
				CLANG_WARN_EMPTY_BODY = YES;
				CLANG_WARN_ENUM_CONVERSION = YES;
				CLANG_WARN_INFINITE_RECURSION = YES;
				CLANG_WARN_INT_CONVERSION = YES;
				CLANG_WARN_NON_LITERAL_NULL_CONVERSION = YES;
				CLANG_WARN_OBJC_IMPLICIT_RETAIN_SELF = YES;
				CLANG_WARN_OBJC_LITERAL_CONVERSION = YES;
				CLANG_WARN_RANGE_LOOP_ANALYSIS = YES;
				CLANG_WARN_STRICT_PROTOTYPES = YES;
				CLANG_WARN_SUSPICIOUS_MOVE = YES;
				CLANG_WARN_UNREACHABLE_CODE = YES;
				CLANG_WARN__DUPLICATE_METHOD_MATCH = YES;
				ENABLE_STRICT_OBJC_MSGSEND = YES;
				ENABLE_TESTABILITY = YES;
				GCC_NO_COMMON_BLOCKS = YES;
				GCC_WARN_64_TO_32_BIT_CONVERSION = YES;
				GCC_WARN_ABOUT_RETURN_TYPE = YES;
				GCC_WARN_UNDECLARED_SELECTOR = YES;
				GCC_WARN_UNINITIALIZED_AUTOS = YES;
				GCC_WARN_UNUSED_FUNCTION = YES;
				GCC_WARN_UNUSED_VARIABLE = YES;
				ONLY_ACTIVE_ARCH = YES;
				SWIFT_VERSION = 4.0;
			};
			name = Debug;
		};
		2D1714821F2E74EF00AADEB5 /* Release */ = {
			isa = XCBuildConfiguration;
			buildSettings = {
				CLANG_ANALYZER_LOCALIZABILITY_NONLOCALIZED = YES;
				CLANG_WARN_BLOCK_CAPTURE_AUTORELEASING = YES;
				CLANG_WARN_BOOL_CONVERSION = YES;
				CLANG_WARN_COMMA = YES;
				CLANG_WARN_CONSTANT_CONVERSION = YES;
				CLANG_WARN_DEPRECATED_OBJC_IMPLEMENTATIONS = YES;
				CLANG_WARN_EMPTY_BODY = YES;
				CLANG_WARN_ENUM_CONVERSION = YES;
				CLANG_WARN_INFINITE_RECURSION = YES;
				CLANG_WARN_INT_CONVERSION = YES;
				CLANG_WARN_NON_LITERAL_NULL_CONVERSION = YES;
				CLANG_WARN_OBJC_IMPLICIT_RETAIN_SELF = YES;
				CLANG_WARN_OBJC_LITERAL_CONVERSION = YES;
				CLANG_WARN_RANGE_LOOP_ANALYSIS = YES;
				CLANG_WARN_STRICT_PROTOTYPES = YES;
				CLANG_WARN_SUSPICIOUS_MOVE = YES;
				CLANG_WARN_UNREACHABLE_CODE = YES;
				CLANG_WARN__DUPLICATE_METHOD_MATCH = YES;
				ENABLE_STRICT_OBJC_MSGSEND = YES;
				GCC_NO_COMMON_BLOCKS = YES;
				GCC_WARN_64_TO_32_BIT_CONVERSION = YES;
				GCC_WARN_ABOUT_RETURN_TYPE = YES;
				GCC_WARN_UNDECLARED_SELECTOR = YES;
				GCC_WARN_UNINITIALIZED_AUTOS = YES;
				GCC_WARN_UNUSED_FUNCTION = YES;
				GCC_WARN_UNUSED_VARIABLE = YES;
				SWIFT_VERSION = 4.0;
			};
			name = Release;
		};
		2D1714981F2E757B00AADEB5 /* Debug */ = {
			isa = XCBuildConfiguration;
			buildSettings = {
				ALWAYS_EMBED_SWIFT_STANDARD_LIBRARIES = YES;
				ALWAYS_SEARCH_USER_PATHS = NO;
				ASSETCATALOG_COMPILER_APPICON_NAME = AppIcon;
				CLANG_ANALYZER_NONNULL = YES;
				CLANG_ANALYZER_NUMBER_OBJECT_CONVERSION = YES_AGGRESSIVE;
				CLANG_CXX_LANGUAGE_STANDARD = "gnu++0x";
				CLANG_CXX_LIBRARY = "libc++";
				CLANG_ENABLE_MODULES = YES;
				CLANG_ENABLE_OBJC_ARC = YES;
				CLANG_WARN_BOOL_CONVERSION = YES;
				CLANG_WARN_CONSTANT_CONVERSION = YES;
				CLANG_WARN_DIRECT_OBJC_ISA_USAGE = YES_ERROR;
				CLANG_WARN_DOCUMENTATION_COMMENTS = YES;
				CLANG_WARN_EMPTY_BODY = YES;
				CLANG_WARN_ENUM_CONVERSION = YES;
				CLANG_WARN_INFINITE_RECURSION = YES;
				CLANG_WARN_INT_CONVERSION = YES;
				CLANG_WARN_OBJC_ROOT_CLASS = YES_ERROR;
				CLANG_WARN_SUSPICIOUS_MOVE = YES;
				CLANG_WARN_UNREACHABLE_CODE = YES;
				CLANG_WARN__DUPLICATE_METHOD_MATCH = YES;
				CODE_SIGN_IDENTITY = "Apple Development";
				"CODE_SIGN_IDENTITY[sdk=iphoneos*]" = "iPhone Developer";
				CODE_SIGN_STYLE = Automatic;
				COPY_PHASE_STRIP = NO;
				DEBUG_INFORMATION_FORMAT = dwarf;
				DEVELOPMENT_TEAM = J9YB6F3PT7;
				ENABLE_STRICT_OBJC_MSGSEND = YES;
				ENABLE_TESTABILITY = YES;
				GCC_C_LANGUAGE_STANDARD = gnu99;
				GCC_DYNAMIC_NO_PIC = NO;
				GCC_NO_COMMON_BLOCKS = YES;
				GCC_OPTIMIZATION_LEVEL = 0;
				GCC_PREPROCESSOR_DEFINITIONS = (
					"DEBUG=1",
					"$(inherited)",
				);
				GCC_WARN_64_TO_32_BIT_CONVERSION = YES;
				GCC_WARN_ABOUT_RETURN_TYPE = YES_ERROR;
				GCC_WARN_UNDECLARED_SELECTOR = YES;
				GCC_WARN_UNINITIALIZED_AUTOS = YES_AGGRESSIVE;
				GCC_WARN_UNUSED_FUNCTION = YES;
				GCC_WARN_UNUSED_VARIABLE = YES;
				INFOPLIST_FILE = "$(SRCROOT)/Example iOS/Info.plist";
				IPHONEOS_DEPLOYMENT_TARGET = 10.0;
				LD_RUNPATH_SEARCH_PATHS = "$(inherited) @executable_path/Frameworks";
				MARKETING_VERSION = 5.8.1;
				MTL_ENABLE_DEBUG_INFO = YES;
				ONLY_ACTIVE_ARCH = YES;
				PRODUCT_BUNDLE_IDENTIFIER = bobrowski.adrian.iOS;
				PRODUCT_NAME = "$(TARGET_NAME)";
				PROVISIONING_PROFILE_SPECIFIER = "";
				SDKROOT = iphoneos;
				SWIFT_ACTIVE_COMPILATION_CONDITIONS = DEBUG;
				SWIFT_OPTIMIZATION_LEVEL = "-Onone";
				SWIFT_VERSION = 5.0;
				TARGETED_DEVICE_FAMILY = "1,2";
			};
			name = Debug;
		};
		2D1714991F2E757B00AADEB5 /* Release */ = {
			isa = XCBuildConfiguration;
			buildSettings = {
				ALWAYS_EMBED_SWIFT_STANDARD_LIBRARIES = YES;
				ALWAYS_SEARCH_USER_PATHS = NO;
				ASSETCATALOG_COMPILER_APPICON_NAME = AppIcon;
				CLANG_ANALYZER_NONNULL = YES;
				CLANG_ANALYZER_NUMBER_OBJECT_CONVERSION = YES_AGGRESSIVE;
				CLANG_CXX_LANGUAGE_STANDARD = "gnu++0x";
				CLANG_CXX_LIBRARY = "libc++";
				CLANG_ENABLE_MODULES = YES;
				CLANG_ENABLE_OBJC_ARC = YES;
				CLANG_WARN_BOOL_CONVERSION = YES;
				CLANG_WARN_CONSTANT_CONVERSION = YES;
				CLANG_WARN_DIRECT_OBJC_ISA_USAGE = YES_ERROR;
				CLANG_WARN_DOCUMENTATION_COMMENTS = YES;
				CLANG_WARN_EMPTY_BODY = YES;
				CLANG_WARN_ENUM_CONVERSION = YES;
				CLANG_WARN_INFINITE_RECURSION = YES;
				CLANG_WARN_INT_CONVERSION = YES;
				CLANG_WARN_OBJC_ROOT_CLASS = YES_ERROR;
				CLANG_WARN_SUSPICIOUS_MOVE = YES;
				CLANG_WARN_UNREACHABLE_CODE = YES;
				CLANG_WARN__DUPLICATE_METHOD_MATCH = YES;
				CODE_SIGN_IDENTITY = "Apple Development";
				"CODE_SIGN_IDENTITY[sdk=iphoneos*]" = "iPhone Developer";
				CODE_SIGN_STYLE = Automatic;
				COPY_PHASE_STRIP = NO;
				DEBUG_INFORMATION_FORMAT = "dwarf-with-dsym";
				DEVELOPMENT_TEAM = J9YB6F3PT7;
				ENABLE_NS_ASSERTIONS = NO;
				ENABLE_STRICT_OBJC_MSGSEND = YES;
				GCC_C_LANGUAGE_STANDARD = gnu99;
				GCC_NO_COMMON_BLOCKS = YES;
				GCC_WARN_64_TO_32_BIT_CONVERSION = YES;
				GCC_WARN_ABOUT_RETURN_TYPE = YES_ERROR;
				GCC_WARN_UNDECLARED_SELECTOR = YES;
				GCC_WARN_UNINITIALIZED_AUTOS = YES_AGGRESSIVE;
				GCC_WARN_UNUSED_FUNCTION = YES;
				GCC_WARN_UNUSED_VARIABLE = YES;
				INFOPLIST_FILE = "$(SRCROOT)/Example iOS/Info.plist";
				IPHONEOS_DEPLOYMENT_TARGET = 10.0;
				LD_RUNPATH_SEARCH_PATHS = "$(inherited) @executable_path/Frameworks";
				MARKETING_VERSION = 5.8.1;
				MTL_ENABLE_DEBUG_INFO = NO;
				PRODUCT_BUNDLE_IDENTIFIER = bobrowski.adrian.iOS;
				PRODUCT_NAME = "$(TARGET_NAME)";
				PROVISIONING_PROFILE_SPECIFIER = "";
				SDKROOT = iphoneos;
				SWIFT_OPTIMIZATION_LEVEL = "-Owholemodule";
				SWIFT_VERSION = 5.0;
				TARGETED_DEVICE_FAMILY = "1,2";
				VALIDATE_PRODUCT = YES;
			};
			name = Release;
		};
/* End XCBuildConfiguration section */

/* Begin XCConfigurationList section */
		2D1714801F2E74EF00AADEB5 /* Build configuration list for PBXProject "Example" */ = {
			isa = XCConfigurationList;
			buildConfigurations = (
				2D1714811F2E74EF00AADEB5 /* Debug */,
				2D1714821F2E74EF00AADEB5 /* Release */,
			);
			defaultConfigurationIsVisible = 0;
			defaultConfigurationName = Release;
		};
		2D1714971F2E757B00AADEB5 /* Build configuration list for PBXNativeTarget "Example iOS" */ = {
			isa = XCConfigurationList;
			buildConfigurations = (
				2D1714981F2E757B00AADEB5 /* Debug */,
				2D1714991F2E757B00AADEB5 /* Release */,
			);
			defaultConfigurationIsVisible = 0;
			defaultConfigurationName = Release;
		};
/* End XCConfigurationList section */
	};
	rootObject = 2D17147D1F2E74EF00AADEB5 /* Project object */;
}
