// !$*UTF8*$!
{
	archiveVersion = 1;
	classes = {
	};
	objectVersion = 46;
	objects = {

/* Begin PBXBuildFile section */
		2D1BA6941EC0E52D0073392A /* Int+l10n.swift in Sources */ = {isa = PBXBuildFile; fileRef = 2D1BA6921EC0E52D0073392A /* Int+l10n.swift */; };
		2D1BA6951EC0E52D0073392A /* Int+l10n.swift in Sources */ = {isa = PBXBuildFile; fileRef = 2D1BA6921EC0E52D0073392A /* Int+l10n.swift */; };
		2D1BA6961EC0E52D0073392A /* Int+l10n.swift in Sources */ = {isa = PBXBuildFile; fileRef = 2D1BA6921EC0E52D0073392A /* Int+l10n.swift */; };
		2D1BA6971EC0E52D0073392A /* Int+l10n.swift in Sources */ = {isa = PBXBuildFile; fileRef = 2D1BA6921EC0E52D0073392A /* Int+l10n.swift */; };
		2D1BA6981EC0E52D0073392A /* String+l10n.swift in Sources */ = {isa = PBXBuildFile; fileRef = 2D1BA6931EC0E52D0073392A /* String+l10n.swift */; };
		2D1BA6991EC0E52D0073392A /* String+l10n.swift in Sources */ = {isa = PBXBuildFile; fileRef = 2D1BA6931EC0E52D0073392A /* String+l10n.swift */; };
		2D1BA69A1EC0E52D0073392A /* String+l10n.swift in Sources */ = {isa = PBXBuildFile; fileRef = 2D1BA6931EC0E52D0073392A /* String+l10n.swift */; };
		2D1BA69B1EC0E52D0073392A /* String+l10n.swift in Sources */ = {isa = PBXBuildFile; fileRef = 2D1BA6931EC0E52D0073392A /* String+l10n.swift */; };
		2D1BA69D1EC0E8200073392A /* Double+l10n.swift in Sources */ = {isa = PBXBuildFile; fileRef = 2D1BA69C1EC0E8200073392A /* Double+l10n.swift */; };
		2D1BA69E1EC0E8200073392A /* Double+l10n.swift in Sources */ = {isa = PBXBuildFile; fileRef = 2D1BA69C1EC0E8200073392A /* Double+l10n.swift */; };
		2D1BA69F1EC0E8200073392A /* Double+l10n.swift in Sources */ = {isa = PBXBuildFile; fileRef = 2D1BA69C1EC0E8200073392A /* Double+l10n.swift */; };
		2D1BA6A01EC0E8200073392A /* Double+l10n.swift in Sources */ = {isa = PBXBuildFile; fileRef = 2D1BA69C1EC0E8200073392A /* Double+l10n.swift */; };
		2D1D713B1EB7B3BC00A9849E /* Info.plist in Resources */ = {isa = PBXBuildFile; fileRef = 2D1D71371EB7B3BC00A9849E /* Info.plist */; };
		2D1D713C1EB7B3BC00A9849E /* L10n.h in Headers */ = {isa = PBXBuildFile; fileRef = 2D1D71381EB7B3BC00A9849E /* L10n.h */; settings = {ATTRIBUTES = (Public, ); }; };
		2D1D713D1EB7B3BC00A9849E /* L10n.swift in Sources */ = {isa = PBXBuildFile; fileRef = 2D1D71391EB7B3BC00A9849E /* L10n.swift */; };
		2D1D71BD1EB7C0EA00A9849E /* L10n.h in Headers */ = {isa = PBXBuildFile; fileRef = 2D1D71381EB7B3BC00A9849E /* L10n.h */; settings = {ATTRIBUTES = (Public, ); }; };
		2D1D71D11EB7C25300A9849E /* L10n.h in Headers */ = {isa = PBXBuildFile; fileRef = 2D1D71381EB7B3BC00A9849E /* L10n.h */; settings = {ATTRIBUTES = (Public, ); }; };
		2D1D71D21EB7C25800A9849E /* L10n.h in Headers */ = {isa = PBXBuildFile; fileRef = 2D1D71381EB7B3BC00A9849E /* L10n.h */; settings = {ATTRIBUTES = (Public, ); }; };
		2D1D71D31EB7C2DC00A9849E /* L10n.swift in Sources */ = {isa = PBXBuildFile; fileRef = 2D1D71391EB7B3BC00A9849E /* L10n.swift */; };
		2D1D71D51EB7C2DE00A9849E /* L10n.swift in Sources */ = {isa = PBXBuildFile; fileRef = 2D1D71391EB7B3BC00A9849E /* L10n.swift */; };
		2D1D71D61EB7C2DE00A9849E /* L10n.swift in Sources */ = {isa = PBXBuildFile; fileRef = 2D1D71391EB7B3BC00A9849E /* L10n.swift */; };
		2D1D71DA1EB7C2FE00A9849E /* Info.plist in Resources */ = {isa = PBXBuildFile; fileRef = 2D1D71371EB7B3BC00A9849E /* Info.plist */; };
		2D1D71DB1EB7C2FE00A9849E /* Info.plist in Resources */ = {isa = PBXBuildFile; fileRef = 2D1D71371EB7B3BC00A9849E /* Info.plist */; };
		2D1D71DC1EB7C2FE00A9849E /* Info.plist in Resources */ = {isa = PBXBuildFile; fileRef = 2D1D71371EB7B3BC00A9849E /* Info.plist */; };
		2D747A3F1EDFC9A0003802FE /* NSNumber+l10n.swift in Sources */ = {isa = PBXBuildFile; fileRef = 2D747A3E1EDFC9A0003802FE /* NSNumber+l10n.swift */; };
		2D747A401EDFC9A0003802FE /* NSNumber+l10n.swift in Sources */ = {isa = PBXBuildFile; fileRef = 2D747A3E1EDFC9A0003802FE /* NSNumber+l10n.swift */; };
		2D747A411EDFC9A0003802FE /* NSNumber+l10n.swift in Sources */ = {isa = PBXBuildFile; fileRef = 2D747A3E1EDFC9A0003802FE /* NSNumber+l10n.swift */; };
		2D747A421EDFC9A0003802FE /* NSNumber+l10n.swift in Sources */ = {isa = PBXBuildFile; fileRef = 2D747A3E1EDFC9A0003802FE /* NSNumber+l10n.swift */; };
/* End PBXBuildFile section */

/* Begin PBXFileReference section */
		2D1BA6921EC0E52D0073392A /* Int+l10n.swift */ = {isa = PBXFileReference; fileEncoding = 4; lastKnownFileType = sourcecode.swift; path = "Int+l10n.swift"; sourceTree = "<group>"; };
		2D1BA6931EC0E52D0073392A /* String+l10n.swift */ = {isa = PBXFileReference; fileEncoding = 4; lastKnownFileType = sourcecode.swift; path = "String+l10n.swift"; sourceTree = "<group>"; };
		2D1BA69C1EC0E8200073392A /* Double+l10n.swift */ = {isa = PBXFileReference; fileEncoding = 4; lastKnownFileType = sourcecode.swift; path = "Double+l10n.swift"; sourceTree = "<group>"; };
		2D1D71041EB7B17A00A9849E /* L10n.framework */ = {isa = PBXFileReference; explicitFileType = wrapper.framework; includeInIndex = 0; path = L10n.framework; sourceTree = BUILT_PRODUCTS_DIR; };
		2D1D71141EB7B24400A9849E /* L10n.framework */ = {isa = PBXFileReference; explicitFileType = wrapper.framework; includeInIndex = 0; path = L10n.framework; sourceTree = BUILT_PRODUCTS_DIR; };
		2D1D71211EB7B28500A9849E /* L10n.framework */ = {isa = PBXFileReference; explicitFileType = wrapper.framework; includeInIndex = 0; path = L10n.framework; sourceTree = BUILT_PRODUCTS_DIR; };
		2D1D712E1EB7B2BE00A9849E /* L10n.framework */ = {isa = PBXFileReference; explicitFileType = wrapper.framework; includeInIndex = 0; path = L10n.framework; sourceTree = BUILT_PRODUCTS_DIR; };
		2D1D71371EB7B3BC00A9849E /* Info.plist */ = {isa = PBXFileReference; fileEncoding = 4; lastKnownFileType = text.plist.xml; name = Info.plist; path = Source/Info.plist; sourceTree = "<group>"; };
		2D1D71381EB7B3BC00A9849E /* L10n.h */ = {isa = PBXFileReference; fileEncoding = 4; lastKnownFileType = sourcecode.c.h; name = L10n.h; path = Source/L10n.h; sourceTree = "<group>"; };
		2D1D71391EB7B3BC00A9849E /* L10n.swift */ = {isa = PBXFileReference; fileEncoding = 4; lastKnownFileType = sourcecode.swift; name = L10n.swift; path = Source/L10n.swift; sourceTree = "<group>"; };
		2D747A3E1EDFC9A0003802FE /* NSNumber+l10n.swift */ = {isa = PBXFileReference; fileEncoding = 4; lastKnownFileType = sourcecode.swift; path = "NSNumber+l10n.swift"; sourceTree = "<group>"; };
/* End PBXFileReference section */

/* Begin PBXFrameworksBuildPhase section */
		2D1D71001EB7B17A00A9849E /* Frameworks */ = {
			isa = PBXFrameworksBuildPhase;
			buildActionMask = 2147483647;
			files = (
			);
			runOnlyForDeploymentPostprocessing = 0;
		};
		2D1D71101EB7B24400A9849E /* Frameworks */ = {
			isa = PBXFrameworksBuildPhase;
			buildActionMask = 2147483647;
			files = (
			);
			runOnlyForDeploymentPostprocessing = 0;
		};
		2D1D711D1EB7B28500A9849E /* Frameworks */ = {
			isa = PBXFrameworksBuildPhase;
			buildActionMask = 2147483647;
			files = (
			);
			runOnlyForDeploymentPostprocessing = 0;
		};
		2D1D712A1EB7B2BE00A9849E /* Frameworks */ = {
			isa = PBXFrameworksBuildPhase;
			buildActionMask = 2147483647;
			files = (
			);
			runOnlyForDeploymentPostprocessing = 0;
		};
/* End PBXFrameworksBuildPhase section */

/* Begin PBXGroup section */
		2D1BA6911EC0E52D0073392A /* Extensions */ = {
			isa = PBXGroup;
			children = (
				2D1BA6921EC0E52D0073392A /* Int+l10n.swift */,
				2D1BA69C1EC0E8200073392A /* Double+l10n.swift */,
				2D1BA6931EC0E52D0073392A /* String+l10n.swift */,
				2D747A3E1EDFC9A0003802FE /* NSNumber+l10n.swift */,
			);
			name = Extensions;
			path = Source/Extensions;
			sourceTree = "<group>";
		};
		2D1D70FA1EB7B17A00A9849E = {
			isa = PBXGroup;
			children = (
				2D1D71361EB7B2D400A9849E /* Source */,
				2D1D71051EB7B17A00A9849E /* Products */,
			);
			sourceTree = "<group>";
		};
		2D1D71051EB7B17A00A9849E /* Products */ = {
			isa = PBXGroup;
			children = (
				2D1D71041EB7B17A00A9849E /* L10n.framework */,
				2D1D71141EB7B24400A9849E /* L10n.framework */,
				2D1D71211EB7B28500A9849E /* L10n.framework */,
				2D1D712E1EB7B2BE00A9849E /* L10n.framework */,
			);
			name = Products;
			sourceTree = "<group>";
		};
		2D1D71361EB7B2D400A9849E /* Source */ = {
			isa = PBXGroup;
			children = (
				2D1D71371EB7B3BC00A9849E /* Info.plist */,
				2D1D71381EB7B3BC00A9849E /* L10n.h */,
				2D1D71391EB7B3BC00A9849E /* L10n.swift */,
				2D1BA6911EC0E52D0073392A /* Extensions */,
			);
			name = Source;
			sourceTree = "<group>";
		};
/* End PBXGroup section */

/* Begin PBXHeadersBuildPhase section */
		2D1D71011EB7B17A00A9849E /* Headers */ = {
			isa = PBXHeadersBuildPhase;
			buildActionMask = 2147483647;
			files = (
				2D1D713C1EB7B3BC00A9849E /* L10n.h in Headers */,
			);
			runOnlyForDeploymentPostprocessing = 0;
		};
		2D1D71111EB7B24400A9849E /* Headers */ = {
			isa = PBXHeadersBuildPhase;
			buildActionMask = 2147483647;
			files = (
				2D1D71D21EB7C25800A9849E /* L10n.h in Headers */,
			);
			runOnlyForDeploymentPostprocessing = 0;
		};
		2D1D711E1EB7B28500A9849E /* Headers */ = {
			isa = PBXHeadersBuildPhase;
			buildActionMask = 2147483647;
			files = (
				2D1D71D11EB7C25300A9849E /* L10n.h in Headers */,
			);
			runOnlyForDeploymentPostprocessing = 0;
		};
		2D1D712B1EB7B2BE00A9849E /* Headers */ = {
			isa = PBXHeadersBuildPhase;
			buildActionMask = 2147483647;
			files = (
				2D1D71BD1EB7C0EA00A9849E /* L10n.h in Headers */,
			);
			runOnlyForDeploymentPostprocessing = 0;
		};
/* End PBXHeadersBuildPhase section */

/* Begin PBXNativeTarget section */
		2D1D71031EB7B17A00A9849E /* L10n iOS */ = {
			isa = PBXNativeTarget;
			buildConfigurationList = 2D1D710C1EB7B17A00A9849E /* Build configuration list for PBXNativeTarget "L10n iOS" */;
			buildPhases = (
				2D1D70FF1EB7B17A00A9849E /* Sources */,
				2D1D71001EB7B17A00A9849E /* Frameworks */,
				2D1D71011EB7B17A00A9849E /* Headers */,
				2D1D71021EB7B17A00A9849E /* Resources */,
			);
			buildRules = (
			);
			dependencies = (
			);
			name = "L10n iOS";
			productName = L10n;
			productReference = 2D1D71041EB7B17A00A9849E /* L10n.framework */;
			productType = "com.apple.product-type.framework";
		};
		2D1D71131EB7B24400A9849E /* L10n watchOS */ = {
			isa = PBXNativeTarget;
			buildConfigurationList = 2D1D71191EB7B24400A9849E /* Build configuration list for PBXNativeTarget "L10n watchOS" */;
			buildPhases = (
				2D1D710F1EB7B24400A9849E /* Sources */,
				2D1D71101EB7B24400A9849E /* Frameworks */,
				2D1D71111EB7B24400A9849E /* Headers */,
				2D1D71121EB7B24400A9849E /* Resources */,
			);
			buildRules = (
			);
			dependencies = (
			);
			name = "L10n watchOS";
			productName = "L10n watchOS";
			productReference = 2D1D71141EB7B24400A9849E /* L10n.framework */;
			productType = "com.apple.product-type.framework";
		};
		2D1D71201EB7B28500A9849E /* L10n tvOS */ = {
			isa = PBXNativeTarget;
			buildConfigurationList = 2D1D71261EB7B28500A9849E /* Build configuration list for PBXNativeTarget "L10n tvOS" */;
			buildPhases = (
				2D1D711C1EB7B28500A9849E /* Sources */,
				2D1D711D1EB7B28500A9849E /* Frameworks */,
				2D1D711E1EB7B28500A9849E /* Headers */,
				2D1D711F1EB7B28500A9849E /* Resources */,
			);
			buildRules = (
			);
			dependencies = (
			);
			name = "L10n tvOS";
			productName = "L10n tvOS";
			productReference = 2D1D71211EB7B28500A9849E /* L10n.framework */;
			productType = "com.apple.product-type.framework";
		};
		2D1D712D1EB7B2BE00A9849E /* L10n macOS */ = {
			isa = PBXNativeTarget;
			buildConfigurationList = 2D1D71331EB7B2BE00A9849E /* Build configuration list for PBXNativeTarget "L10n macOS" */;
			buildPhases = (
				2D1D71291EB7B2BE00A9849E /* Sources */,
				2D1D712A1EB7B2BE00A9849E /* Frameworks */,
				2D1D712B1EB7B2BE00A9849E /* Headers */,
				2D1D712C1EB7B2BE00A9849E /* Resources */,
			);
			buildRules = (
			);
			dependencies = (
			);
			name = "L10n macOS";
			productName = macOS;
			productReference = 2D1D712E1EB7B2BE00A9849E /* L10n.framework */;
			productType = "com.apple.product-type.framework";
		};
/* End PBXNativeTarget section */

/* Begin PBXProject section */
		2D1D70FB1EB7B17A00A9849E /* Project object */ = {
			isa = PBXProject;
			attributes = {
				LastUpgradeCheck = 0830;
				ORGANIZATIONNAME = "Coding lifestyle";
				TargetAttributes = {
					2D1D71031EB7B17A00A9849E = {
						CreatedOnToolsVersion = 8.3.2;
						LastSwiftMigration = 0830;
						ProvisioningStyle = Manual;
					};
					2D1D71131EB7B24400A9849E = {
						CreatedOnToolsVersion = 8.3.2;
						ProvisioningStyle = Manual;
					};
					2D1D71201EB7B28500A9849E = {
						CreatedOnToolsVersion = 8.3.2;
						ProvisioningStyle = Manual;
					};
					2D1D712D1EB7B2BE00A9849E = {
						CreatedOnToolsVersion = 8.3.2;
						ProvisioningStyle = Manual;
					};
				};
			};
			buildConfigurationList = 2D1D70FE1EB7B17A00A9849E /* Build configuration list for PBXProject "L10n" */;
			compatibilityVersion = "Xcode 3.2";
			developmentRegion = English;
			hasScannedForEncodings = 0;
			knownRegions = (
				en,
			);
			mainGroup = 2D1D70FA1EB7B17A00A9849E;
			productRefGroup = 2D1D71051EB7B17A00A9849E /* Products */;
			projectDirPath = "";
			projectRoot = "";
			targets = (
				2D1D71031EB7B17A00A9849E /* L10n iOS */,
				2D1D71131EB7B24400A9849E /* L10n watchOS */,
				2D1D71201EB7B28500A9849E /* L10n tvOS */,
				2D1D712D1EB7B2BE00A9849E /* L10n macOS */,
			);
		};
/* End PBXProject section */

/* Begin PBXResourcesBuildPhase section */
		2D1D71021EB7B17A00A9849E /* Resources */ = {
			isa = PBXResourcesBuildPhase;
			buildActionMask = 2147483647;
			files = (
				2D1D713B1EB7B3BC00A9849E /* Info.plist in Resources */,
			);
			runOnlyForDeploymentPostprocessing = 0;
		};
		2D1D71121EB7B24400A9849E /* Resources */ = {
			isa = PBXResourcesBuildPhase;
			buildActionMask = 2147483647;
			files = (
				2D1D71DA1EB7C2FE00A9849E /* Info.plist in Resources */,
			);
			runOnlyForDeploymentPostprocessing = 0;
		};
		2D1D711F1EB7B28500A9849E /* Resources */ = {
			isa = PBXResourcesBuildPhase;
			buildActionMask = 2147483647;
			files = (
				2D1D71DB1EB7C2FE00A9849E /* Info.plist in Resources */,
			);
			runOnlyForDeploymentPostprocessing = 0;
		};
		2D1D712C1EB7B2BE00A9849E /* Resources */ = {
			isa = PBXResourcesBuildPhase;
			buildActionMask = 2147483647;
			files = (
				2D1D71DC1EB7C2FE00A9849E /* Info.plist in Resources */,
			);
			runOnlyForDeploymentPostprocessing = 0;
		};
/* End PBXResourcesBuildPhase section */

/* Begin PBXSourcesBuildPhase section */
		2D1D70FF1EB7B17A00A9849E /* Sources */ = {
			isa = PBXSourcesBuildPhase;
			buildActionMask = 2147483647;
			files = (
				2D747A3F1EDFC9A0003802FE /* NSNumber+l10n.swift in Sources */,
				2D1BA6941EC0E52D0073392A /* Int+l10n.swift in Sources */,
				2D1BA6981EC0E52D0073392A /* String+l10n.swift in Sources */,
				2D1D713D1EB7B3BC00A9849E /* L10n.swift in Sources */,
				2D1BA69D1EC0E8200073392A /* Double+l10n.swift in Sources */,
			);
			runOnlyForDeploymentPostprocessing = 0;
		};
		2D1D710F1EB7B24400A9849E /* Sources */ = {
			isa = PBXSourcesBuildPhase;
			buildActionMask = 2147483647;
			files = (
				2D747A401EDFC9A0003802FE /* NSNumber+l10n.swift in Sources */,
				2D1BA6951EC0E52D0073392A /* Int+l10n.swift in Sources */,
				2D1BA6991EC0E52D0073392A /* String+l10n.swift in Sources */,
				2D1D71D31EB7C2DC00A9849E /* L10n.swift in Sources */,
				2D1BA69E1EC0E8200073392A /* Double+l10n.swift in Sources */,
			);
			runOnlyForDeploymentPostprocessing = 0;
		};
		2D1D711C1EB7B28500A9849E /* Sources */ = {
			isa = PBXSourcesBuildPhase;
			buildActionMask = 2147483647;
			files = (
				2D747A411EDFC9A0003802FE /* NSNumber+l10n.swift in Sources */,
				2D1BA6961EC0E52D0073392A /* Int+l10n.swift in Sources */,
				2D1BA69A1EC0E52D0073392A /* String+l10n.swift in Sources */,
				2D1D71D51EB7C2DE00A9849E /* L10n.swift in Sources */,
				2D1BA69F1EC0E8200073392A /* Double+l10n.swift in Sources */,
			);
			runOnlyForDeploymentPostprocessing = 0;
		};
		2D1D71291EB7B2BE00A9849E /* Sources */ = {
			isa = PBXSourcesBuildPhase;
			buildActionMask = 2147483647;
			files = (
				2D747A421EDFC9A0003802FE /* NSNumber+l10n.swift in Sources */,
				2D1BA6971EC0E52D0073392A /* Int+l10n.swift in Sources */,
				2D1BA69B1EC0E52D0073392A /* String+l10n.swift in Sources */,
				2D1D71D61EB7C2DE00A9849E /* L10n.swift in Sources */,
				2D1BA6A01EC0E8200073392A /* Double+l10n.swift in Sources */,
			);
			runOnlyForDeploymentPostprocessing = 0;
		};
/* End PBXSourcesBuildPhase section */

/* Begin XCBuildConfiguration section */
		2D1D710A1EB7B17A00A9849E /* Debug */ = {
			isa = XCBuildConfiguration;
			buildSettings = {
				ALWAYS_SEARCH_USER_PATHS = NO;
				CLANG_ANALYZER_NONNULL = YES;
				CLANG_ANALYZER_NUMBER_OBJECT_CONVERSION = YES_AGGRESSIVE;
				CLANG_CXX_LANGUAGE_STANDARD = "gnu++0x";
				CLANG_CXX_LIBRARY = "libc++";
				CLANG_ENABLE_MODULES = YES;
				CLANG_ENABLE_OBJC_ARC = YES;
				CLANG_WARN_BOOL_CONVERSION = YES;
				CLANG_WARN_CONSTANT_CONVERSION = YES;
				CLANG_WARN_DIRECT_OBJC_ISA_USAGE = YES_ERROR;
				CLANG_WARN_DOCUMENTATION_COMMENTS = YES;
				CLANG_WARN_EMPTY_BODY = YES;
				CLANG_WARN_ENUM_CONVERSION = YES;
				CLANG_WARN_INFINITE_RECURSION = YES;
				CLANG_WARN_INT_CONVERSION = YES;
				CLANG_WARN_OBJC_ROOT_CLASS = YES_ERROR;
				CLANG_WARN_SUSPICIOUS_MOVE = YES;
				CLANG_WARN_UNREACHABLE_CODE = YES;
				CLANG_WARN__DUPLICATE_METHOD_MATCH = YES;
				"CODE_SIGN_IDENTITY[sdk=iphoneos*]" = "iPhone Developer";
				COPY_PHASE_STRIP = NO;
				CURRENT_PROJECT_VERSION = 1;
				DEBUG_INFORMATION_FORMAT = dwarf;
				ENABLE_STRICT_OBJC_MSGSEND = YES;
				ENABLE_TESTABILITY = YES;
				GCC_C_LANGUAGE_STANDARD = gnu99;
				GCC_DYNAMIC_NO_PIC = NO;
				GCC_NO_COMMON_BLOCKS = YES;
				GCC_OPTIMIZATION_LEVEL = 0;
				GCC_PREPROCESSOR_DEFINITIONS = (
					"DEBUG=1",
					"$(inherited)",
				);
				GCC_WARN_64_TO_32_BIT_CONVERSION = YES;
				GCC_WARN_ABOUT_RETURN_TYPE = YES_ERROR;
				GCC_WARN_UNDECLARED_SELECTOR = YES;
				GCC_WARN_UNINITIALIZED_AUTOS = YES_AGGRESSIVE;
				GCC_WARN_UNUSED_FUNCTION = YES;
				GCC_WARN_UNUSED_VARIABLE = YES;
				IPHONEOS_DEPLOYMENT_TARGET = 9.0;
				MACOSX_DEPLOYMENT_TARGET = 10.10;
				MTL_ENABLE_DEBUG_INFO = YES;
				ONLY_ACTIVE_ARCH = YES;
				SDKROOT = iphoneos;
				SWIFT_ACTIVE_COMPILATION_CONDITIONS = DEBUG;
				SWIFT_OPTIMIZATION_LEVEL = "-Onone";
				TARGETED_DEVICE_FAMILY = "1,2";
				TVOS_DEPLOYMENT_TARGET = 9.0;
				VERSIONING_SYSTEM = "apple-generic";
				VERSION_INFO_PREFIX = "";
				WATCHOS_DEPLOYMENT_TARGET = 2.0;
			};
			name = Debug;
		};
		2D1D710B1EB7B17A00A9849E /* Release */ = {
			isa = XCBuildConfiguration;
			buildSettings = {
				ALWAYS_SEARCH_USER_PATHS = NO;
				CLANG_ANALYZER_NONNULL = YES;
				CLANG_ANALYZER_NUMBER_OBJECT_CONVERSION = YES_AGGRESSIVE;
				CLANG_CXX_LANGUAGE_STANDARD = "gnu++0x";
				CLANG_CXX_LIBRARY = "libc++";
				CLANG_ENABLE_MODULES = YES;
				CLANG_ENABLE_OBJC_ARC = YES;
				CLANG_WARN_BOOL_CONVERSION = YES;
				CLANG_WARN_CONSTANT_CONVERSION = YES;
				CLANG_WARN_DIRECT_OBJC_ISA_USAGE = YES_ERROR;
				CLANG_WARN_DOCUMENTATION_COMMENTS = YES;
				CLANG_WARN_EMPTY_BODY = YES;
				CLANG_WARN_ENUM_CONVERSION = YES;
				CLANG_WARN_INFINITE_RECURSION = YES;
				CLANG_WARN_INT_CONVERSION = YES;
				CLANG_WARN_OBJC_ROOT_CLASS = YES_ERROR;
				CLANG_WARN_SUSPICIOUS_MOVE = YES;
				CLANG_WARN_UNREACHABLE_CODE = YES;
				CLANG_WARN__DUPLICATE_METHOD_MATCH = YES;
				"CODE_SIGN_IDENTITY[sdk=iphoneos*]" = "iPhone Developer";
				COPY_PHASE_STRIP = NO;
				CURRENT_PROJECT_VERSION = 1;
				DEBUG_INFORMATION_FORMAT = "dwarf-with-dsym";
				ENABLE_NS_ASSERTIONS = NO;
				ENABLE_STRICT_OBJC_MSGSEND = YES;
				GCC_C_LANGUAGE_STANDARD = gnu99;
				GCC_NO_COMMON_BLOCKS = YES;
				GCC_WARN_64_TO_32_BIT_CONVERSION = YES;
				GCC_WARN_ABOUT_RETURN_TYPE = YES_ERROR;
				GCC_WARN_UNDECLARED_SELECTOR = YES;
				GCC_WARN_UNINITIALIZED_AUTOS = YES_AGGRESSIVE;
				GCC_WARN_UNUSED_FUNCTION = YES;
				GCC_WARN_UNUSED_VARIABLE = YES;
				IPHONEOS_DEPLOYMENT_TARGET = 9.0;
				MACOSX_DEPLOYMENT_TARGET = 10.10;
				MTL_ENABLE_DEBUG_INFO = NO;
				SDKROOT = iphoneos;
				SWIFT_OPTIMIZATION_LEVEL = "-Owholemodule";
				TARGETED_DEVICE_FAMILY = "1,2";
				TVOS_DEPLOYMENT_TARGET = 9.0;
				VALIDATE_PRODUCT = YES;
				VERSIONING_SYSTEM = "apple-generic";
				VERSION_INFO_PREFIX = "";
				WATCHOS_DEPLOYMENT_TARGET = 2.0;
			};
			name = Release;
		};
		2D1D710D1EB7B17A00A9849E /* Debug */ = {
			isa = XCBuildConfiguration;
			buildSettings = {
				APPLICATION_EXTENSION_API_ONLY = YES;
				CLANG_ENABLE_MODULES = YES;
				CODE_SIGN_IDENTITY = "";
				DEFINES_MODULE = YES;
				DEVELOPMENT_TEAM = "";
				DYLIB_COMPATIBILITY_VERSION = 1;
				DYLIB_CURRENT_VERSION = 1;
				DYLIB_INSTALL_NAME_BASE = "@rpath";
				INFOPLIST_FILE = "$(SRCROOT)/Source/Info.plist";
				INSTALL_PATH = "$(LOCAL_LIBRARY_DIR)/Frameworks";
				IPHONEOS_DEPLOYMENT_TARGET = 8.0;
				LD_RUNPATH_SEARCH_PATHS = "$(inherited) @executable_path/Frameworks @loader_path/Frameworks";
				PRODUCT_BUNDLE_IDENTIFIER = CodingLifestyle.L10n;
				PRODUCT_NAME = L10n;
				PROVISIONING_PROFILE_SPECIFIER = "";
				SKIP_INSTALL = YES;
				SWIFT_OPTIMIZATION_LEVEL = "-Onone";
				SWIFT_VERSION = 3.0;
			};
			name = Debug;
		};
		2D1D710E1EB7B17A00A9849E /* Release */ = {
			isa = XCBuildConfiguration;
			buildSettings = {
				APPLICATION_EXTENSION_API_ONLY = YES;
				CLANG_ENABLE_MODULES = YES;
				CODE_SIGN_IDENTITY = "";
				DEFINES_MODULE = YES;
				DEVELOPMENT_TEAM = "";
				DYLIB_COMPATIBILITY_VERSION = 1;
				DYLIB_CURRENT_VERSION = 1;
				DYLIB_INSTALL_NAME_BASE = "@rpath";
				INFOPLIST_FILE = "$(SRCROOT)/Source/Info.plist";
				INSTALL_PATH = "$(LOCAL_LIBRARY_DIR)/Frameworks";
				IPHONEOS_DEPLOYMENT_TARGET = 8.0;
				LD_RUNPATH_SEARCH_PATHS = "$(inherited) @executable_path/Frameworks @loader_path/Frameworks";
				PRODUCT_BUNDLE_IDENTIFIER = CodingLifestyle.L10n;
				PRODUCT_NAME = L10n;
				PROVISIONING_PROFILE_SPECIFIER = "";
				SKIP_INSTALL = YES;
				SWIFT_VERSION = 3.0;
			};
			name = Release;
		};
		2D1D711A1EB7B24400A9849E /* Debug */ = {
			isa = XCBuildConfiguration;
			buildSettings = {
				APPLICATION_EXTENSION_API_ONLY = YES;
				CODE_SIGN_IDENTITY = "";
				DEFINES_MODULE = YES;
				DEVELOPMENT_TEAM = "";
				DYLIB_COMPATIBILITY_VERSION = 1;
				DYLIB_CURRENT_VERSION = 1;
				DYLIB_INSTALL_NAME_BASE = "@rpath";
				INFOPLIST_FILE = "$(SRCROOT)/Source/Info.plist";
				INSTALL_PATH = "$(LOCAL_LIBRARY_DIR)/Frameworks";
				LD_RUNPATH_SEARCH_PATHS = "$(inherited) @executable_path/Frameworks @loader_path/Frameworks";
				PRODUCT_BUNDLE_IDENTIFIER = "CodingLifestyle.L10n-watchOS";
				PRODUCT_NAME = L10n;
				PROVISIONING_PROFILE_SPECIFIER = "";
				SDKROOT = watchos;
				SKIP_INSTALL = YES;
				SWIFT_VERSION = 3.0;
				TARGETED_DEVICE_FAMILY = 4;
				WATCHOS_DEPLOYMENT_TARGET = 2.0;
			};
			name = Debug;
		};
		2D1D711B1EB7B24400A9849E /* Release */ = {
			isa = XCBuildConfiguration;
			buildSettings = {
				APPLICATION_EXTENSION_API_ONLY = YES;
				CODE_SIGN_IDENTITY = "";
				DEFINES_MODULE = YES;
				DEVELOPMENT_TEAM = "";
				DYLIB_COMPATIBILITY_VERSION = 1;
				DYLIB_CURRENT_VERSION = 1;
				DYLIB_INSTALL_NAME_BASE = "@rpath";
				INFOPLIST_FILE = "$(SRCROOT)/Source/Info.plist";
				INSTALL_PATH = "$(LOCAL_LIBRARY_DIR)/Frameworks";
				LD_RUNPATH_SEARCH_PATHS = "$(inherited) @executable_path/Frameworks @loader_path/Frameworks";
				PRODUCT_BUNDLE_IDENTIFIER = "CodingLifestyle.L10n-watchOS";
				PRODUCT_NAME = L10n;
				PROVISIONING_PROFILE_SPECIFIER = "";
				SDKROOT = watchos;
				SKIP_INSTALL = YES;
				SWIFT_VERSION = 3.0;
				TARGETED_DEVICE_FAMILY = 4;
				WATCHOS_DEPLOYMENT_TARGET = 2.0;
			};
			name = Release;
		};
		2D1D71271EB7B28500A9849E /* Debug */ = {
			isa = XCBuildConfiguration;
			buildSettings = {
				APPLICATION_EXTENSION_API_ONLY = YES;
				CODE_SIGN_IDENTITY = "";
				DEFINES_MODULE = YES;
				DEVELOPMENT_TEAM = "";
				DYLIB_COMPATIBILITY_VERSION = 1;
				DYLIB_CURRENT_VERSION = 1;
				DYLIB_INSTALL_NAME_BASE = "@rpath";
				INFOPLIST_FILE = "$(SRCROOT)/Source/Info.plist";
				INSTALL_PATH = "$(LOCAL_LIBRARY_DIR)/Frameworks";
				LD_RUNPATH_SEARCH_PATHS = "$(inherited) @executable_path/Frameworks @loader_path/Frameworks";
				PRODUCT_BUNDLE_IDENTIFIER = "CodingLifestyle.L10n-tvOS";
				PRODUCT_NAME = L10n;
				PROVISIONING_PROFILE_SPECIFIER = "";
				SDKROOT = appletvos;
				SKIP_INSTALL = YES;
				SWIFT_VERSION = 3.0;
				TARGETED_DEVICE_FAMILY = 3;
				TVOS_DEPLOYMENT_TARGET = 9.0;
			};
			name = Debug;
		};
		2D1D71281EB7B28500A9849E /* Release */ = {
			isa = XCBuildConfiguration;
			buildSettings = {
				APPLICATION_EXTENSION_API_ONLY = YES;
				CODE_SIGN_IDENTITY = "";
				DEFINES_MODULE = YES;
				DEVELOPMENT_TEAM = "";
				DYLIB_COMPATIBILITY_VERSION = 1;
				DYLIB_CURRENT_VERSION = 1;
				DYLIB_INSTALL_NAME_BASE = "@rpath";
				INFOPLIST_FILE = "$(SRCROOT)/Source/Info.plist";
				INSTALL_PATH = "$(LOCAL_LIBRARY_DIR)/Frameworks";
				LD_RUNPATH_SEARCH_PATHS = "$(inherited) @executable_path/Frameworks @loader_path/Frameworks";
				PRODUCT_BUNDLE_IDENTIFIER = "CodingLifestyle.L10n-tvOS";
				PRODUCT_NAME = L10n;
				PROVISIONING_PROFILE_SPECIFIER = "";
				SDKROOT = appletvos;
				SKIP_INSTALL = YES;
				SWIFT_VERSION = 3.0;
				TARGETED_DEVICE_FAMILY = 3;
				TVOS_DEPLOYMENT_TARGET = 9.0;
			};
			name = Release;
		};
		2D1D71341EB7B2BE00A9849E /* Debug */ = {
			isa = XCBuildConfiguration;
			buildSettings = {
				APPLICATION_EXTENSION_API_ONLY = YES;
				CODE_SIGN_IDENTITY = "-";
				COMBINE_HIDPI_IMAGES = YES;
				DEFINES_MODULE = YES;
				DEVELOPMENT_TEAM = "";
				DYLIB_COMPATIBILITY_VERSION = 1;
				DYLIB_CURRENT_VERSION = 1;
				DYLIB_INSTALL_NAME_BASE = "@rpath";
				FRAMEWORK_VERSION = A;
				INFOPLIST_FILE = "$(SRCROOT)/Source/Info.plist";
				INSTALL_PATH = "$(LOCAL_LIBRARY_DIR)/Frameworks";
				LD_RUNPATH_SEARCH_PATHS = "$(inherited) @executable_path/../Frameworks @loader_path/Frameworks";
				MACOSX_DEPLOYMENT_TARGET = 10.10;
				PRODUCT_BUNDLE_IDENTIFIER = CodingLifestyle.macOS;
				PRODUCT_NAME = L10n;
				PROVISIONING_PROFILE_SPECIFIER = "";
				SDKROOT = macosx;
				SKIP_INSTALL = YES;
				SWIFT_VERSION = 3.0;
			};
			name = Debug;
		};
		2D1D71351EB7B2BE00A9849E /* Release */ = {
			isa = XCBuildConfiguration;
			buildSettings = {
				APPLICATION_EXTENSION_API_ONLY = YES;
				CODE_SIGN_IDENTITY = "-";
				COMBINE_HIDPI_IMAGES = YES;
				DEFINES_MODULE = YES;
				DEVELOPMENT_TEAM = "";
				DYLIB_COMPATIBILITY_VERSION = 1;
				DYLIB_CURRENT_VERSION = 1;
				DYLIB_INSTALL_NAME_BASE = "@rpath";
				FRAMEWORK_VERSION = A;
				INFOPLIST_FILE = "$(SRCROOT)/Source/Info.plist";
				INSTALL_PATH = "$(LOCAL_LIBRARY_DIR)/Frameworks";
				LD_RUNPATH_SEARCH_PATHS = "$(inherited) @executable_path/../Frameworks @loader_path/Frameworks";
				MACOSX_DEPLOYMENT_TARGET = 10.10;
				PRODUCT_BUNDLE_IDENTIFIER = CodingLifestyle.macOS;
				PRODUCT_NAME = L10n;
				PROVISIONING_PROFILE_SPECIFIER = "";
				SDKROOT = macosx;
				SKIP_INSTALL = YES;
				SWIFT_VERSION = 3.0;
			};
			name = Release;
		};
/* End XCBuildConfiguration section */

/* Begin XCConfigurationList section */
		2D1D70FE1EB7B17A00A9849E /* Build configuration list for PBXProject "L10n" */ = {
			isa = XCConfigurationList;
			buildConfigurations = (
				2D1D710A1EB7B17A00A9849E /* Debug */,
				2D1D710B1EB7B17A00A9849E /* Release */,
			);
			defaultConfigurationIsVisible = 0;
			defaultConfigurationName = Release;
		};
		2D1D710C1EB7B17A00A9849E /* Build configuration list for PBXNativeTarget "L10n iOS" */ = {
			isa = XCConfigurationList;
			buildConfigurations = (
				2D1D710D1EB7B17A00A9849E /* Debug */,
				2D1D710E1EB7B17A00A9849E /* Release */,
			);
			defaultConfigurationIsVisible = 0;
			defaultConfigurationName = Release;
		};
		2D1D71191EB7B24400A9849E /* Build configuration list for PBXNativeTarget "L10n watchOS" */ = {
			isa = XCConfigurationList;
			buildConfigurations = (
				2D1D711A1EB7B24400A9849E /* Debug */,
				2D1D711B1EB7B24400A9849E /* Release */,
			);
			defaultConfigurationIsVisible = 0;
			defaultConfigurationName = Release;
		};
		2D1D71261EB7B28500A9849E /* Build configuration list for PBXNativeTarget "L10n tvOS" */ = {
			isa = XCConfigurationList;
			buildConfigurations = (
				2D1D71271EB7B28500A9849E /* Debug */,
				2D1D71281EB7B28500A9849E /* Release */,
			);
			defaultConfigurationIsVisible = 0;
			defaultConfigurationName = Release;
		};
		2D1D71331EB7B2BE00A9849E /* Build configuration list for PBXNativeTarget "L10n macOS" */ = {
			isa = XCConfigurationList;
			buildConfigurations = (
				2D1D71341EB7B2BE00A9849E /* Debug */,
				2D1D71351EB7B2BE00A9849E /* Release */,
			);
			defaultConfigurationIsVisible = 0;
			defaultConfigurationName = Release;
		};
/* End XCConfigurationList section */
	};
	rootObject = 2D1D70FB1EB7B17A00A9849E /* Project object */;
}
